
Microsoft Visual Studio Solution File, Format Version 12.00
# Visual Studio Version 16
VisualStudioVersion = 16.0.33927.289
MinimumVisualStudioVersion = 10.0.40219.1
Project("{2150E333-8FDC-42A3-9474-1A3956D46DE8}") = "Task0", "Task0", "{0CFB9A7A-6D45-4927-977F-A2B2EC27C2D2}"
EndProject
Project("{FAE04EC0-301F-11D3-BF4B-00C04F79EFBC}") = "Tyuiu.ShaukerovaAN.Sprint0.Task0.V0", "Tyuiu.ShaukerovaAN.Sprint0.Task0.V0\Tyuiu.ShaukerovaAN.Sprint0.Task0.V0.csproj", "{FB104A8F-FAB5-4398-BA87-4F7CA1EF89E1}"
EndProject
Project("{2150E333-8FDC-42A3-9474-1A3956D46DE8}") = "Task1", "Task1", "{218FAFBB-DC8F-48E3-B838-01B76991D7AA}"
EndProject
Project("{FAE04EC0-301F-11D3-BF4B-00C04F79EFBC}") = "Tyuiu.ShaukerovaAN.Sprint0.Task1.V0", "Tyuiu.ShaukerovaAN.Sprint0.Task1.V0\Tyuiu.ShaukerovaAN.Sprint0.Task1.V0.csproj", "{9A4D4C6E-80CF-49C3-9703-F05E927EA358}"
EndProject
Project("{2150E333-8FDC-42A3-9474-1A3956D46DE8}") = "Task2", "Task2", "{6B28FE43-270F-4D07-B7A0-4247A005B468}"
EndProject
Project("{FAE04EC0-301F-11D3-BF4B-00C04F79EFBC}") = "Tyuiu.ShaukerovaAN.Sprint0.Task2.V0", "Tyuiu.ShaukerovaAN.Sprint0.Task2.V0\Tyuiu.ShaukerovaAN.Sprint0.Task2.V0.csproj", "{544E2E14-2EA4-46DF-B356-BDA7CA074DDF}"
EndProject
Project("{FAE04EC0-301F-11D3-BF4B-00C04F79EFBC}") = "Tyuiu.ShaukerovaAN.Sprint0.Task2.V0.Lib", "Tyuiu.ShaukerovaAN.Sprint0.Task2.V0.Lib\Tyuiu.ShaukerovaAN.Sprint0.Task2.V0.Lib.csproj", "{4FFF3343-1D4A-4C41-B83D-97C2EA07466B}"
EndProject
Project("{FAE04EC0-301F-11D3-BF4B-00C04F79EFBC}") = "Tyuiu.ShaukerovaAN.Sprint0.Task2.V0.Test", "Tyuiu.ShaukerovaAN.Sprint0.Task2.V0.Test\Tyuiu.ShaukerovaAN.Sprint0.Task2.V0.Test.csproj", "{4A50F2AD-A70F-4B21-9787-56295B9F5224}"
EndProject
Project("{2150E333-8FDC-42A3-9474-1A3956D46DE8}") = "Task3", "Task3", "{85D7D483-008D-472B-98EC-0512DCED5F41}"
EndProject
Project("{FAE04EC0-301F-11D3-BF4B-00C04F79EFBC}") = "Tyuiu.ShaukerovaAN.Sprint0.Task3.V0", "Tyuiu.ShaukerovaAN.Sprint0.Task3.V0\Tyuiu.ShaukerovaAN.Sprint0.Task3.V0.csproj", "{8AA57499-79A4-4D26-BC87-203088FE1EAA}"
EndProject
Project("{FAE04EC0-301F-11D3-BF4B-00C04F79EFBC}") = "Tyuiu.ShaukerovaAN.Sprint0.Task3.V0.Lib", "Tyuiu.ShaukerovaAN.Sprint0.Task3.V0.Lib\Tyuiu.ShaukerovaAN.Sprint0.Task3.V0.Lib.csproj", "{41CD838C-52A9-4F7F-87E2-9BFBB38640B8}"
EndProject
Project("{FAE04EC0-301F-11D3-BF4B-00C04F79EFBC}") = "Tyuiu.ShaukerovaAN.Sprint0.Task3.V0.Test", "Tyuiu.ShaukerovaAN.Sprint0.Task3.V0.Test\Tyuiu.ShaukerovaAN.Sprint0.Task3.V0.Test.csproj", "{2335AB80-FD64-4E98-ACA7-89208F93726C}"
EndProject
Project("{2150E333-8FDC-42A3-9474-1A3956D46DE8}") = "Task4", "Task4", "{F0D34A5D-FD1B-4E3A-9D6C-A71AC235B202}"
EndProject
Project("{FAE04EC0-301F-11D3-BF4B-00C04F79EFBC}") = "Tyuiu.ShaukerovaAN.Sprint0.Task4.V0", "Tyuiu.ShaukerovaAN.Sprint0.Task4.V0\Tyuiu.ShaukerovaAN.Sprint0.Task4.V0.csproj", "{CE635B9D-74D9-4FBE-A60A-D978E70690DF}"
EndProject
Project("{FAE04EC0-301F-11D3-BF4B-00C04F79EFBC}") = "Tyuiu.ShaukerovaAN.Sprint0.Task4.V0.Lib", "Tyuiu.ShaukerovaAN.Sprint0.Task4.V0.Lib\Tyuiu.ShaukerovaAN.Sprint0.Task4.V0.Lib.csproj", "{6AA6E9CE-CEA7-4C84-A083-7373D18DAA4B}"
EndProject
Project("{FAE04EC0-301F-11D3-BF4B-00C04F79EFBC}") = "Tyuiu.ShaukerovaAN.Sprint0.Task4.V0.Test", "Tyuiu.ShaukerovaAN.Sprint0.Task4.V0.Test\Tyuiu.ShaukerovaAN.Sprint0.Task4.V0.Test.csproj", "{982693D7-23F6-41B1-A7EC-AC1F6EAB36BF}"
EndProject
Project("{2150E333-8FDC-42A3-9474-1A3956D46DE8}") = "Task5", "Task5", "{5C4B735C-21B6-42AF-9090-530BC06ADD34}"
EndProject
Project("{FAE04EC0-301F-11D3-BF4B-00C04F79EFBC}") = "Tyuiu.ShaukerovaAN.Sprint0.Task5.V0", "Tyuiu.ShaukerovaAN.Sprint0.Task5.V0\Tyuiu.ShaukerovaAN.Sprint0.Task5.V0.csproj", "{070300C6-CADE-4713-BAD2-8C356B314318}"
EndProject
Project("{FAE04EC0-301F-11D3-BF4B-00C04F79EFBC}") = "Tyuiu.ShaukerovaAN.Sprint0.Task5.V0.Lib", "Tyuiu.ShaukerovaAN.Sprint0.Task5.V0.Lib\Tyuiu.ShaukerovaAN.Sprint0.Task5.V0.Lib.csproj", "{135EFC09-5AD0-4BB3-9706-8860E1E73047}"
EndProject
Project("{FAE04EC0-301F-11D3-BF4B-00C04F79EFBC}") = "Tyuiu.ShaukerovaAN.Sprint0.Task5.V0.Test", "Tyuiu.ShaukerovaAN.Sprint0.Task5.V0.Test\Tyuiu.ShaukerovaAN.Sprint0.Task5.V0.Test.csproj", "{D1189A38-082F-48E7-8FD5-4E1FECCB2534}"
EndProject
Global
	GlobalSection(SolutionConfigurationPlatforms) = preSolution
		Debug|Any CPU = Debug|Any CPU
		Release|Any CPU = Release|Any CPU
	EndGlobalSection
	GlobalSection(ProjectConfigurationPlatforms) = postSolution
		{FB104A8F-FAB5-4398-BA87-4F7CA1EF89E1}.Debug|Any CPU.ActiveCfg = Debug|Any CPU
		{FB104A8F-FAB5-4398-BA87-4F7CA1EF89E1}.Debug|Any CPU.Build.0 = Debug|Any CPU
		{FB104A8F-FAB5-4398-BA87-4F7CA1EF89E1}.Release|Any CPU.ActiveCfg = Release|Any CPU
		{FB104A8F-FAB5-4398-BA87-4F7CA1EF89E1}.Release|Any CPU.Build.0 = Release|Any CPU
		{9A4D4C6E-80CF-49C3-9703-F05E927EA358}.Debug|Any CPU.ActiveCfg = Debug|Any CPU
		{9A4D4C6E-80CF-49C3-9703-F05E927EA358}.Debug|Any CPU.Build.0 = Debug|Any CPU
		{9A4D4C6E-80CF-49C3-9703-F05E927EA358}.Release|Any CPU.ActiveCfg = Release|Any CPU
		{9A4D4C6E-80CF-49C3-9703-F05E927EA358}.Release|Any CPU.Build.0 = Release|Any CPU
		{544E2E14-2EA4-46DF-B356-BDA7CA074DDF}.Debug|Any CPU.ActiveCfg = Debug|Any CPU
		{544E2E14-2EA4-46DF-B356-BDA7CA074DDF}.Debug|Any CPU.Build.0 = Debug|Any CPU
		{544E2E14-2EA4-46DF-B356-BDA7CA074DDF}.Release|Any CPU.ActiveCfg = Release|Any CPU
		{544E2E14-2EA4-46DF-B356-BDA7CA074DDF}.Release|Any CPU.Build.0 = Release|Any CPU
		{4FFF3343-1D4A-4C41-B83D-97C2EA07466B}.Debug|Any CPU.ActiveCfg = Debug|Any CPU
		{4FFF3343-1D4A-4C41-B83D-97C2EA07466B}.Debug|Any CPU.Build.0 = Debug|Any CPU
		{4FFF3343-1D4A-4C41-B83D-97C2EA07466B}.Release|Any CPU.ActiveCfg = Release|Any CPU
		{4FFF3343-1D4A-4C41-B83D-97C2EA07466B}.Release|Any CPU.Build.0 = Release|Any CPU
		{4A50F2AD-A70F-4B21-9787-56295B9F5224}.Debug|Any CPU.ActiveCfg = Debug|Any CPU
		{4A50F2AD-A70F-4B21-9787-56295B9F5224}.Debug|Any CPU.Build.0 = Debug|Any CPU
		{4A50F2AD-A70F-4B21-9787-56295B9F5224}.Release|Any CPU.ActiveCfg = Release|Any CPU
		{4A50F2AD-A70F-4B21-9787-56295B9F5224}.Release|Any CPU.Build.0 = Release|Any CPU
		{8AA57499-79A4-4D26-BC87-203088FE1EAA}.Debug|Any CPU.ActiveCfg = Debug|Any CPU
		{8AA57499-79A4-4D26-BC87-203088FE1EAA}.Debug|Any CPU.Build.0 = Debug|Any CPU
		{8AA57499-79A4-4D26-BC87-203088FE1EAA}.Release|Any CPU.ActiveCfg = Release|Any CPU
		{8AA57499-79A4-4D26-BC87-203088FE1EAA}.Release|Any CPU.Build.0 = Release|Any CPU
		{41CD838C-52A9-4F7F-87E2-9BFBB38640B8}.Debug|Any CPU.ActiveCfg = Debug|Any CPU
		{41CD838C-52A9-4F7F-87E2-9BFBB38640B8}.Debug|Any CPU.Build.0 = Debug|Any CPU
		{41CD838C-52A9-4F7F-87E2-9BFBB38640B8}.Release|Any CPU.ActiveCfg = Release|Any CPU
		{41CD838C-52A9-4F7F-87E2-9BFBB38640B8}.Release|Any CPU.Build.0 = Release|Any CPU
		{2335AB80-FD64-4E98-ACA7-89208F93726C}.Debug|Any CPU.ActiveCfg = Debug|Any CPU
		{2335AB80-FD64-4E98-ACA7-89208F93726C}.Debug|Any CPU.Build.0 = Debug|Any CPU
		{2335AB80-FD64-4E98-ACA7-89208F93726C}.Release|Any CPU.ActiveCfg = Release|Any CPU
		{2335AB80-FD64-4E98-ACA7-89208F93726C}.Release|Any CPU.Build.0 = Release|Any CPU
		{CE635B9D-74D9-4FBE-A60A-D978E70690DF}.Debug|Any CPU.ActiveCfg = Debug|Any CPU
		{CE635B9D-74D9-4FBE-A60A-D978E70690DF}.Debug|Any CPU.Build.0 = Debug|Any CPU
		{CE635B9D-74D9-4FBE-A60A-D978E70690DF}.Release|Any CPU.ActiveCfg = Release|Any CPU
		{CE635B9D-74D9-4FBE-A60A-D978E70690DF}.Release|Any CPU.Build.0 = Release|Any CPU
		{6AA6E9CE-CEA7-4C84-A083-7373D18DAA4B}.Debug|Any CPU.ActiveCfg = Debug|Any CPU
		{6AA6E9CE-CEA7-4C84-A083-7373D18DAA4B}.Debug|Any CPU.Build.0 = Debug|Any CPU
		{6AA6E9CE-CEA7-4C84-A083-7373D18DAA4B}.Release|Any CPU.ActiveCfg = Release|Any CPU
		{6AA6E9CE-CEA7-4C84-A083-7373D18DAA4B}.Release|Any CPU.Build.0 = Release|Any CPU
		{982693D7-23F6-41B1-A7EC-AC1F6EAB36BF}.Debug|Any CPU.ActiveCfg = Debug|Any CPU
		{982693D7-23F6-41B1-A7EC-AC1F6EAB36BF}.Debug|Any CPU.Build.0 = Debug|Any CPU
		{982693D7-23F6-41B1-A7EC-AC1F6EAB36BF}.Release|Any CPU.ActiveCfg = Release|Any CPU
		{982693D7-23F6-41B1-A7EC-AC1F6EAB36BF}.Release|Any CPU.Build.0 = Release|Any CPU
		{070300C6-CADE-4713-BAD2-8C356B314318}.Debug|Any CPU.ActiveCfg = Debug|Any CPU
		{070300C6-CADE-4713-BAD2-8C356B314318}.Debug|Any CPU.Build.0 = Debug|Any CPU
		{070300C6-CADE-4713-BAD2-8C356B314318}.Release|Any CPU.ActiveCfg = Release|Any CPU
		{070300C6-CADE-4713-BAD2-8C356B314318}.Release|Any CPU.Build.0 = Release|Any CPU
		{135EFC09-5AD0-4BB3-9706-8860E1E73047}.Debug|Any CPU.ActiveCfg = Debug|Any CPU
		{135EFC09-5AD0-4BB3-9706-8860E1E73047}.Debug|Any CPU.Build.0 = Debug|Any CPU
		{135EFC09-5AD0-4BB3-9706-8860E1E73047}.Release|Any CPU.ActiveCfg = Release|Any CPU
		{135EFC09-5AD0-4BB3-9706-8860E1E73047}.Release|Any CPU.Build.0 = Release|Any CPU
		{D1189A38-082F-48E7-8FD5-4E1FECCB2534}.Debug|Any CPU.ActiveCfg = Debug|Any CPU
		{D1189A38-082F-48E7-8FD5-4E1FECCB2534}.Debug|Any CPU.Build.0 = Debug|Any CPU
		{D1189A38-082F-48E7-8FD5-4E1FECCB2534}.Release|Any CPU.ActiveCfg = Release|Any CPU
		{D1189A38-082F-48E7-8FD5-4E1FECCB2534}.Release|Any CPU.Build.0 = Release|Any CPU
	EndGlobalSection
	GlobalSection(SolutionProperties) = preSolution
		HideSolutionNode = FALSE
	EndGlobalSection
	GlobalSection(NestedProjects) = preSolution
		{FB104A8F-FAB5-4398-BA87-4F7CA1EF89E1} = {0CFB9A7A-6D45-4927-977F-A2B2EC27C2D2}
		{9A4D4C6E-80CF-49C3-9703-F05E927EA358} = {218FAFBB-DC8F-48E3-B838-01B76991D7AA}
		{544E2E14-2EA4-46DF-B356-BDA7CA074DDF} = {6B28FE43-270F-4D07-B7A0-4247A005B468}
		{4FFF3343-1D4A-4C41-B83D-97C2EA07466B} = {6B28FE43-270F-4D07-B7A0-4247A005B468}
		{4A50F2AD-A70F-4B21-9787-56295B9F5224} = {6B28FE43-270F-4D07-B7A0-4247A005B468}
		{8AA57499-79A4-4D26-BC87-203088FE1EAA} = {85D7D483-008D-472B-98EC-0512DCED5F41}
		{41CD838C-52A9-4F7F-87E2-9BFBB38640B8} = {85D7D483-008D-472B-98EC-0512DCED5F41}
		{2335AB80-FD64-4E98-ACA7-89208F93726C} = {85D7D483-008D-472B-98EC-0512DCED5F41}
		{CE635B9D-74D9-4FBE-A60A-D978E70690DF} = {F0D34A5D-FD1B-4E3A-9D6C-A71AC235B202}
		{6AA6E9CE-CEA7-4C84-A083-7373D18DAA4B} = {F0D34A5D-FD1B-4E3A-9D6C-A71AC235B202}
		{982693D7-23F6-41B1-A7EC-AC1F6EAB36BF} = {F0D34A5D-FD1B-4E3A-9D6C-A71AC235B202}
		{070300C6-CADE-4713-BAD2-8C356B314318} = {5C4B735C-21B6-42AF-9090-530BC06ADD34}
		{135EFC09-5AD0-4BB3-9706-8860E1E73047} = {5C4B735C-21B6-42AF-9090-530BC06ADD34}
		{D1189A38-082F-48E7-8FD5-4E1FECCB2534} = {5C4B735C-21B6-42AF-9090-530BC06ADD34}
	EndGlobalSection
	GlobalSection(ExtensibilityGlobals) = postSolution
		SolutionGuid = {38EC01C2-1E2B-4DD5-950D-384E180AC796}
	EndGlobalSection
EndGlobal
